
Microsoft Visual Studio Solution File, Format Version 12.00
# Visual Studio Version 17
VisualStudioVersion = 17.0.31717.71
MinimumVisualStudioVersion = 10.0.40219.1
Project("{9A19103F-16F7-4668-BE54-9A1E7A4F7556}") = "WebApp", "WebApp.csproj", "{ADCC377F-238F-4ED1-81E7-761C74BE5EAD}"
EndProject
Global
	GlobalSection(SolutionConfigurationPlatforms) = preSolution
		Debug|Any CPU = Debug|Any CPU
		Release|Any CPU = Release|Any CPU
	EndGlobalSection
	GlobalSection(ProjectConfigurationPlatforms) = postSolution
		{ADCC377F-238F-4ED1-81E7-761C74BE5EAD}.Debug|Any CPU.ActiveCfg = Debug|Any CPU
		{ADCC377F-238F-4ED1-81E7-761C74BE5EAD}.Debug|Any CPU.Build.0 = Debug|Any CPU
		{ADCC377F-238F-4ED1-81E7-761C74BE5EAD}.Release|Any CPU.ActiveCfg = Release|Any CPU
		{ADCC377F-238F-4ED1-81E7-761C74BE5EAD}.Release|Any CPU.Build.0 = Release|Any CPU
	EndGlobalSection
	GlobalSection(SolutionProperties) = preSolution
		HideSolutionNode = FALSE
	EndGlobalSection
	GlobalSection(ExtensibilityGlobals) = postSolution
		SolutionGuid = {394A3D0A-C3C0-4EA6-B3F7-E48E591C58E4}
	EndGlobalSection
EndGlobal